// !$*UTF8*$!
{
	archiveVersion = 1;
	classes = {
	};
	objectVersion = 46;
	objects = {

/* Begin PBXBuildFile section */
		5AC476051AA160AC00CA7192 /* main.m in Sources */ = {isa = PBXBuildFile; fileRef = 5AC476041AA160AC00CA7192 /* main.m */; };
		5AC476081AA160AC00CA7192 /* AppDelegate.m in Sources */ = {isa = PBXBuildFile; fileRef = 5AC476071AA160AC00CA7192 /* AppDelegate.m */; };
		5AC4760B1AA160AC00CA7192 /* ViewController.m in Sources */ = {isa = PBXBuildFile; fileRef = 5AC4760A1AA160AC00CA7192 /* ViewController.m */; };
		5AC4760E1AA160AC00CA7192 /* Main.storyboard in Resources */ = {isa = PBXBuildFile; fileRef = 5AC4760C1AA160AC00CA7192 /* Main.storyboard */; };
		5AC476101AA160AC00CA7192 /* Images.xcassets in Resources */ = {isa = PBXBuildFile; fileRef = 5AC4760F1AA160AC00CA7192 /* Images.xcassets */; };
		5AC476131AA160AC00CA7192 /* LaunchScreen.xib in Resources */ = {isa = PBXBuildFile; fileRef = 5AC476111AA160AC00CA7192 /* LaunchScreen.xib */; };
		5AC4761F1AA160AC00CA7192 /* __Tests.m in Sources */ = {isa = PBXBuildFile; fileRef = 5AC4761E1AA160AC00CA7192 /* __Tests.m */; };
/* End PBXBuildFile section */

/* Begin PBXContainerItemProxy section */
		5AC476191AA160AC00CA7192 /* PBXContainerItemProxy */ = {
			isa = PBXContainerItemProxy;
			containerPortal = 5AC475F71AA160AC00CA7192 /* Project object */;
			proxyType = 1;
			remoteGlobalIDString = 5AC475FE1AA160AC00CA7192;
			remoteInfo = "试试";
		};
/* End PBXContainerItemProxy section */

/* Begin PBXFileReference section */
		5AC475FF1AA160AC00CA7192 /* 试试.app */ = {isa = PBXFileReference; explicitFileType = wrapper.application; includeInIndex = 0; path = "试试.app"; sourceTree = BUILT_PRODUCTS_DIR; };
		5AC476031AA160AC00CA7192 /* Info.plist */ = {isa = PBXFileReference; lastKnownFileType = text.plist.xml; path = Info.plist; sourceTree = "<group>"; };
		5AC476041AA160AC00CA7192 /* main.m */ = {isa = PBXFileReference; lastKnownFileType = sourcecode.c.objc; path = main.m; sourceTree = "<group>"; };
		5AC476061AA160AC00CA7192 /* AppDelegate.h */ = {isa = PBXFileReference; lastKnownFileType = sourcecode.c.h; path = AppDelegate.h; sourceTree = "<group>"; };
		5AC476071AA160AC00CA7192 /* AppDelegate.m */ = {isa = PBXFileReference; lastKnownFileType = sourcecode.c.objc; path = AppDelegate.m; sourceTree = "<group>"; };
		5AC476091AA160AC00CA7192 /* ViewController.h */ = {isa = PBXFileReference; lastKnownFileType = sourcecode.c.h; path = ViewController.h; sourceTree = "<group>"; };
		5AC4760A1AA160AC00CA7192 /* ViewController.m */ = {isa = PBXFileReference; lastKnownFileType = sourcecode.c.objc; path = ViewController.m; sourceTree = "<group>"; };
		5AC4760D1AA160AC00CA7192 /* Base */ = {isa = PBXFileReference; lastKnownFileType = file.storyboard; name = Base; path = Base.lproj/Main.storyboard; sourceTree = "<group>"; };
		5AC4760F1AA160AC00CA7192 /* Images.xcassets */ = {isa = PBXFileReference; lastKnownFileType = folder.assetcatalog; path = Images.xcassets; sourceTree = "<group>"; };
		5AC476121AA160AC00CA7192 /* Base */ = {isa = PBXFileReference; lastKnownFileType = file.xib; name = Base; path = Base.lproj/LaunchScreen.xib; sourceTree = "<group>"; };
		5AC476181AA160AC00CA7192 /* 试试Tests.xctest */ = {isa = PBXFileReference; explicitFileType = wrapper.cfbundle; includeInIndex = 0; path = "试试Tests.xctest"; sourceTree = BUILT_PRODUCTS_DIR; };
		5AC4761D1AA160AC00CA7192 /* Info.plist */ = {isa = PBXFileReference; lastKnownFileType = text.plist.xml; path = Info.plist; sourceTree = "<group>"; };
		5AC4761E1AA160AC00CA7192 /* __Tests.m */ = {isa = PBXFileReference; lastKnownFileType = sourcecode.c.objc; path = __Tests.m; sourceTree = "<group>"; };
/* End PBXFileReference section */

/* Begin PBXFrameworksBuildPhase section */
		5AC475FC1AA160AC00CA7192 /* Frameworks */ = {
			isa = PBXFrameworksBuildPhase;
			buildActionMask = 2147483647;
			files = (
			);
			runOnlyForDeploymentPostprocessing = 0;
		};
		5AC476151AA160AC00CA7192 /* Frameworks */ = {
			isa = PBXFrameworksBuildPhase;
			buildActionMask = 2147483647;
			files = (
			);
			runOnlyForDeploymentPostprocessing = 0;
		};
/* End PBXFrameworksBuildPhase section */

/* Begin PBXGroup section */
		5AC475F61AA160AC00CA7192 = {
			isa = PBXGroup;
			children = (
				5AC476011AA160AC00CA7192 /* 试试 */,
				5AC4761B1AA160AC00CA7192 /* 试试Tests */,
				5AC476001AA160AC00CA7192 /* Products */,
			);
			sourceTree = "<group>";
		};
		5AC476001AA160AC00CA7192 /* Products */ = {
			isa = PBXGroup;
			children = (
				5AC475FF1AA160AC00CA7192 /* 试试.app */,
				5AC476181AA160AC00CA7192 /* 试试Tests.xctest */,
			);
			name = Products;
			sourceTree = "<group>";
		};
		5AC476011AA160AC00CA7192 /* 试试 */ = {
			isa = PBXGroup;
			children = (
				5AC476061AA160AC00CA7192 /* AppDelegate.h */,
				5AC476071AA160AC00CA7192 /* AppDelegate.m */,
				5AC476091AA160AC00CA7192 /* ViewController.h */,
				5AC4760A1AA160AC00CA7192 /* ViewController.m */,
				5AC4760C1AA160AC00CA7192 /* Main.storyboard */,
				5AC4760F1AA160AC00CA7192 /* Images.xcassets */,
				5AC476111AA160AC00CA7192 /* LaunchScreen.xib */,
				5AC476021AA160AC00CA7192 /* Supporting Files */,
			);
			path = "试试";
			sourceTree = "<group>";
		};
		5AC476021AA160AC00CA7192 /* Supporting Files */ = {
			isa = PBXGroup;
			children = (
				5AC476031AA160AC00CA7192 /* Info.plist */,
				5AC476041AA160AC00CA7192 /* main.m */,
			);
			name = "Supporting Files";
			sourceTree = "<group>";
		};
		5AC4761B1AA160AC00CA7192 /* 试试Tests */ = {
			isa = PBXGroup;
			children = (
				5AC4761E1AA160AC00CA7192 /* __Tests.m */,
				5AC4761C1AA160AC00CA7192 /* Supporting Files */,
			);
			path = "试试Tests";
			sourceTree = "<group>";
		};
		5AC4761C1AA160AC00CA7192 /* Supporting Files */ = {
			isa = PBXGroup;
			children = (
				5AC4761D1AA160AC00CA7192 /* Info.plist */,
			);
			name = "Supporting Files";
			sourceTree = "<group>";
		};
/* End PBXGroup section */

/* Begin PBXNativeTarget section */
		5AC475FE1AA160AC00CA7192 /* 试试 */ = {
			isa = PBXNativeTarget;
			buildConfigurationList = 5AC476221AA160AC00CA7192 /* Build configuration list for PBXNativeTarget "试试" */;
			buildPhases = (
				5AC475FB1AA160AC00CA7192 /* Sources */,
				5AC475FC1AA160AC00CA7192 /* Frameworks */,
				5AC475FD1AA160AC00CA7192 /* Resources */,
			);
			buildRules = (
			);
			dependencies = (
			);
			name = "试试";
			productName = "试试";
			productReference = 5AC475FF1AA160AC00CA7192 /* 试试.app */;
			productType = "com.apple.product-type.application";
		};
		5AC476171AA160AC00CA7192 /* 试试Tests */ = {
			isa = PBXNativeTarget;
			buildConfigurationList = 5AC476251AA160AC00CA7192 /* Build configuration list for PBXNativeTarget "试试Tests" */;
			buildPhases = (
				5AC476141AA160AC00CA7192 /* Sources */,
				5AC476151AA160AC00CA7192 /* Frameworks */,
				5AC476161AA160AC00CA7192 /* Resources */,
			);
			buildRules = (
			);
			dependencies = (
				5AC4761A1AA160AC00CA7192 /* PBXTargetDependency */,
			);
			name = "试试Tests";
			productName = "试试Tests";
			productReference = 5AC476181AA160AC00CA7192 /* 试试Tests.xctest */;
			productType = "com.apple.product-type.bundle.unit-test";
		};
/* End PBXNativeTarget section */

/* Begin PBXProject section */
		5AC475F71AA160AC00CA7192 /* Project object */ = {
			isa = PBXProject;
			attributes = {
				LastUpgradeCheck = 0610;
				ORGANIZATIONNAME = ZY;
				TargetAttributes = {
					5AC475FE1AA160AC00CA7192 = {
						CreatedOnToolsVersion = 6.1;
					};
					5AC476171AA160AC00CA7192 = {
						CreatedOnToolsVersion = 6.1;
						TestTargetID = 5AC475FE1AA160AC00CA7192;
					};
				};
			};
			buildConfigurationList = 5AC475FA1AA160AC00CA7192 /* Build configuration list for PBXProject "试试" */;
			compatibilityVersion = "Xcode 3.2";
			developmentRegion = English;
			hasScannedForEncodings = 0;
			knownRegions = (
				en,
				Base,
			);
			mainGroup = 5AC475F61AA160AC00CA7192;
			productRefGroup = 5AC476001AA160AC00CA7192 /* Products */;
			projectDirPath = "";
			projectRoot = "";
			targets = (
				5AC475FE1AA160AC00CA7192 /* 试试 */,
				5AC476171AA160AC00CA7192 /* 试试Tests */,
			);
		};
/* End PBXProject section */

/* Begin PBXResourcesBuildPhase section */
		5AC475FD1AA160AC00CA7192 /* Resources */ = {
			isa = PBXResourcesBuildPhase;
			buildActionMask = 2147483647;
			files = (
				5AC4760E1AA160AC00CA7192 /* Main.storyboard in Resources */,
				5AC476131AA160AC00CA7192 /* LaunchScreen.xib in Resources */,
				5AC476101AA160AC00CA7192 /* Images.xcassets in Resources */,
			);
			runOnlyForDeploymentPostprocessing = 0;
		};
		5AC476161AA160AC00CA7192 /* Resources */ = {
			isa = PBXResourcesBuildPhase;
			buildActionMask = 2147483647;
			files = (
			);
			runOnlyForDeploymentPostprocessing = 0;
		};
/* End PBXResourcesBuildPhase section */

/* Begin PBXSourcesBuildPhase section */
		5AC475FB1AA160AC00CA7192 /* Sources */ = {
			isa = PBXSourcesBuildPhase;
			buildActionMask = 2147483647;
			files = (
				5AC4760B1AA160AC00CA7192 /* ViewController.m in Sources */,
				5AC476081AA160AC00CA7192 /* AppDelegate.m in Sources */,
				5AC476051AA160AC00CA7192 /* main.m in Sources */,
			);
			runOnlyForDeploymentPostprocessing = 0;
		};
		5AC476141AA160AC00CA7192 /* Sources */ = {
			isa = PBXSourcesBuildPhase;
			buildActionMask = 2147483647;
			files = (
				5AC4761F1AA160AC00CA7192 /* __Tests.m in Sources */,
			);
			runOnlyForDeploymentPostprocessing = 0;
		};
/* End PBXSourcesBuildPhase section */

/* Begin PBXTargetDependency section */
		5AC4761A1AA160AC00CA7192 /* PBXTargetDependency */ = {
			isa = PBXTargetDependency;
			target = 5AC475FE1AA160AC00CA7192 /* 试试 */;
			targetProxy = 5AC476191AA160AC00CA7192 /* PBXContainerItemProxy */;
		};
/* End PBXTargetDependency section */

/* Begin PBXVariantGroup section */
		5AC4760C1AA160AC00CA7192 /* Main.storyboard */ = {
			isa = PBXVariantGroup;
			children = (
				5AC4760D1AA160AC00CA7192 /* Base */,
			);
			name = Main.storyboard;
			sourceTree = "<group>";
		};
		5AC476111AA160AC00CA7192 /* LaunchScreen.xib */ = {
			isa = PBXVariantGroup;
			children = (
				5AC476121AA160AC00CA7192 /* Base */,
			);
			name = LaunchScreen.xib;
			sourceTree = "<group>";
		};
/* End PBXVariantGroup section */

/* Begin XCBuildConfiguration section */
		5AC476201AA160AC00CA7192 /* Debug */ = {
			isa = XCBuildConfiguration;
			buildSettings = {
				ALWAYS_SEARCH_USER_PATHS = NO;
				CLANG_CXX_LANGUAGE_STANDARD = "gnu++0x";
				CLANG_CXX_LIBRARY = "libc++";
				CLANG_ENABLE_MODULES = YES;
				CLANG_ENABLE_OBJC_ARC = YES;
				CLANG_WARN_BOOL_CONVERSION = YES;
				CLANG_WARN_CONSTANT_CONVERSION = YES;
				CLANG_WARN_DIRECT_OBJC_ISA_USAGE = YES_ERROR;
				CLANG_WARN_EMPTY_BODY = YES;
				CLANG_WARN_ENUM_CONVERSION = YES;
				CLANG_WARN_INT_CONVERSION = YES;
				CLANG_WARN_OBJC_ROOT_CLASS = YES_ERROR;
				CLANG_WARN_UNREACHABLE_CODE = YES;
				CLANG_WARN__DUPLICATE_METHOD_MATCH = YES;
				"CODE_SIGN_IDENTITY[sdk=iphoneos*]" = "iPhone Developer";
				COPY_PHASE_STRIP = NO;
				ENABLE_STRICT_OBJC_MSGSEND = YES;
				GCC_C_LANGUAGE_STANDARD = gnu99;
				GCC_DYNAMIC_NO_PIC = NO;
				GCC_OPTIMIZATION_LEVEL = 0;
				GCC_PREPROCESSOR_DEFINITIONS = (
					"DEBUG=1",
					"$(inherited)",
				);
				GCC_SYMBOLS_PRIVATE_EXTERN = NO;
				GCC_WARN_64_TO_32_BIT_CONVERSION = YES;
				GCC_WARN_ABOUT_RETURN_TYPE = YES_ERROR;
				GCC_WARN_UNDECLARED_SELECTOR = YES;
				GCC_WARN_UNINITIALIZED_AUTOS = YES_AGGRESSIVE;
				GCC_WARN_UNUSED_FUNCTION = YES;
				GCC_WARN_UNUSED_VARIABLE = YES;
				IPHONEOS_DEPLOYMENT_TARGET = 8.1;
				MTL_ENABLE_DEBUG_INFO = YES;
				ONLY_ACTIVE_ARCH = YES;
				SDKROOT = iphoneos;
				TARGETED_DEVICE_FAMILY = "1,2";
			};
			name = Debug;
		};
		5AC476211AA160AC00CA7192 /* Release */ = {
			isa = XCBuildConfiguration;
			buildSettings = {
				ALWAYS_SEARCH_USER_PATHS = NO;
				CLANG_CXX_LANGUAGE_STANDARD = "gnu++0x";
				CLANG_CXX_LIBRARY = "libc++";
				CLANG_ENABLE_MODULES = YES;
				CLANG_ENABLE_OBJC_ARC = YES;
				CLANG_WARN_BOOL_CONVERSION = YES;
				CLANG_WARN_CONSTANT_CONVERSION = YES;
				CLANG_WARN_DIRECT_OBJC_ISA_USAGE = YES_ERROR;
				CLANG_WARN_EMPTY_BODY = YES;
				CLANG_WARN_ENUM_CONVERSION = YES;
				CLANG_WARN_INT_CONVERSION = YES;
				CLANG_WARN_OBJC_ROOT_CLASS = YES_ERROR;
				CLANG_WARN_UNREACHABLE_CODE = YES;
				CLANG_WARN__DUPLICATE_METHOD_MATCH = YES;
				"CODE_SIGN_IDENTITY[sdk=iphoneos*]" = "iPhone Developer";
				COPY_PHASE_STRIP = YES;
				ENABLE_NS_ASSERTIONS = NO;
				ENABLE_STRICT_OBJC_MSGSEND = YES;
				GCC_C_LANGUAGE_STANDARD = gnu99;
				GCC_WARN_64_TO_32_BIT_CONVERSION = YES;
				GCC_WARN_ABOUT_RETURN_TYPE = YES_ERROR;
				GCC_WARN_UNDECLARED_SELECTOR = YES;
				GCC_WARN_UNINITIALIZED_AUTOS = YES_AGGRESSIVE;
				GCC_WARN_UNUSED_FUNCTION = YES;
				GCC_WARN_UNUSED_VARIABLE = YES;
				IPHONEOS_DEPLOYMENT_TARGET = 8.1;
				MTL_ENABLE_DEBUG_INFO = NO;
				SDKROOT = iphoneos;
				TARGETED_DEVICE_FAMILY = "1,2";
				VALIDATE_PRODUCT = YES;
			};
			name = Release;
		};
		5AC476231AA160AC00CA7192 /* Debug */ = {
			isa = XCBuildConfiguration;
			buildSettings = {
				ASSETCATALOG_COMPILER_APPICON_NAME = AppIcon;
				INFOPLIST_FILE = "试试/Info.plist";
				LD_RUNPATH_SEARCH_PATHS = "$(inherited) @executable_path/Frameworks";
				PRODUCT_NAME = "$(TARGET_NAME)";
			};
			name = Debug;
		};
		5AC476241AA160AC00CA7192 /* Release */ = {
			isa = XCBuildConfiguration;
			buildSettings = {
				ASSETCATALOG_COMPILER_APPICON_NAME = AppIcon;
				INFOPLIST_FILE = "试试/Info.plist";
				LD_RUNPATH_SEARCH_PATHS = "$(inherited) @executable_path/Frameworks";
				PRODUCT_NAME = "$(TARGET_NAME)";
			};
			name = Release;
		};
		5AC476261AA160AC00CA7192 /* Debug */ = {
			isa = XCBuildConfiguration;
			buildSettings = {
				BUNDLE_LOADER = "$(TEST_HOST)";
				FRAMEWORK_SEARCH_PATHS = (
					"$(SDKROOT)/Developer/Library/Frameworks",
					"$(inherited)",
				);
				GCC_PREPROCESSOR_DEFINITIONS = (
					"DEBUG=1",
					"$(inherited)",
				);
				INFOPLIST_FILE = "试试Tests/Info.plist";
				LD_RUNPATH_SEARCH_PATHS = "$(inherited) @executable_path/Frameworks @loader_path/Frameworks";
				PRODUCT_NAME = "$(TARGET_NAME)";
				TEST_HOST = "$(BUILT_PRODUCTS_DIR)/试试.app/试试";
			};
			name = Debug;
		};
		5AC476271AA160AC00CA7192 /* Release */ = {
			isa = XCBuildConfiguration;
			buildSettings = {
				BUNDLE_LOADER = "$(TEST_HOST)";
				FRAMEWORK_SEARCH_PATHS = (
					"$(SDKROOT)/Developer/Library/Frameworks",
					"$(inherited)",
				);
				INFOPLIST_FILE = "试试Tests/Info.plist";
				LD_RUNPATH_SEARCH_PATHS = "$(inherited) @executable_path/Frameworks @loader_path/Frameworks";
				PRODUCT_NAME = "$(TARGET_NAME)";
				TEST_HOST = "$(BUILT_PRODUCTS_DIR)/试试.app/试试";
			};
			name = Release;
		};
/* End XCBuildConfiguration section */

/* Begin XCConfigurationList section */
		5AC475FA1AA160AC00CA7192 /* Build configuration list for PBXProject "试试" */ = {
			isa = XCConfigurationList;
			buildConfigurations = (
				5AC476201AA160AC00CA7192 /* Debug */,
				5AC476211AA160AC00CA7192 /* Release */,
			);
			defaultConfigurationIsVisible = 0;
			defaultConfigurationName = Release;
		};
		5AC476221AA160AC00CA7192 /* Build configuration list for PBXNativeTarget "试试" */ = {
			isa = XCConfigurationList;
			buildConfigurations = (
				5AC476231AA160AC00CA7192 /* Debug */,
				5AC476241AA160AC00CA7192 /* Release */,
			);
			defaultConfigurationIsVisible = 0;
		};
		5AC476251AA160AC00CA7192 /* Build configuration list for PBXNativeTarget "试试Tests" */ = {
			isa = XCConfigurationList;
			buildConfigurations = (
				5AC476261AA160AC00CA7192 /* Debug */,
				5AC476271AA160AC00CA7192 /* Release */,
			);
			defaultConfigurationIsVisible = 0;
		};
/* End XCConfigurationList section */
	};
	rootObject = 5AC475F71AA160AC00CA7192 /* Project object */;
}
